
Microsoft Visual Studio Solution File, Format Version 12.00
# Visual Studio Version 17
VisualStudioVersion = 17.5.002.0
MinimumVisualStudioVersion = 10.0.40219.1
Project("{9A19103F-16F7-4668-BE54-9A1E7A4F7556}") = "Programming-Warm-Up-Exercises", "Programming-Warm-Up-Exercises.csproj", "{23968F70-F924-49A7-A3A8-6E35B0A52CE3}"
EndProject
Global
	GlobalSection(SolutionConfigurationPlatforms) = preSolution
		Debug|Any CPU = Debug|Any CPU
		Release|Any CPU = Release|Any CPU
	EndGlobalSection
	GlobalSection(ProjectConfigurationPlatforms) = postSolution
		{23968F70-F924-49A7-A3A8-6E35B0A52CE3}.Debug|Any CPU.ActiveCfg = Debug|Any CPU
		{23968F70-F924-49A7-A3A8-6E35B0A52CE3}.Debug|Any CPU.Build.0 = Debug|Any CPU
		{23968F70-F924-49A7-A3A8-6E35B0A52CE3}.Release|Any CPU.ActiveCfg = Release|Any CPU
		{23968F70-F924-49A7-A3A8-6E35B0A52CE3}.Release|Any CPU.Build.0 = Release|Any CPU
	EndGlobalSection
	GlobalSection(SolutionProperties) = preSolution
		HideSolutionNode = FALSE
	EndGlobalSection
	GlobalSection(ExtensibilityGlobals) = postSolution
		SolutionGuid = {E096E354-05BA-482D-9EDF-D719DC93F577}
	EndGlobalSection
EndGlobal
